
Microsoft Visual Studio Solution File, Format Version 12.00
# Visual Studio Version 16
VisualStudioVersion = 16.0.30907.101
MinimumVisualStudioVersion = 10.0.40219.1
Project("{9A19103F-16F7-4668-BE54-9A1E7A4F7556}") = "API", "API\API.csproj", "{5543E973-EA4C-4728-A171-6C77226B5FFC}"
EndProject
Project("{9A19103F-16F7-4668-BE54-9A1E7A4F7556}") = "Domain", "Domain\Domain.csproj", "{5F35E50F-5D0D-4FDB-896A-366CEB96855F}"
EndProject
Project("{9A19103F-16F7-4668-BE54-9A1E7A4F7556}") = "Infrastructure", "Infrastructure\Infrastructure.csproj", "{E9D147DE-05C3-4347-BDCB-CB881E539054}"
EndProject
Project("{2150E333-8FDC-42A3-9474-1A3956D46DE8}") = "Tests", "Tests", "{F5BAA680-361F-438F-8190-02AE3A6936FE}"
EndProject
Project("{9A19103F-16F7-4668-BE54-9A1E7A4F7556}") = "Infrastructure.Tests", "Infrastructure.Tests\Infrastructure.Tests.csproj", "{41564CE6-2B2E-4A6A-BF97-1C7ABE3D2766}"
EndProject
Project("{2150E333-8FDC-42A3-9474-1A3956D46DE8}") = "Solution Items", "Solution Items", "{73386E65-1477-4F32-B89D-F956D9A83000}"
	ProjectSection(SolutionItems) = preProject
		README.md = README.md
	EndProjectSection
EndProject
Global
	GlobalSection(SolutionConfigurationPlatforms) = preSolution
		Debug|Any CPU = Debug|Any CPU
		Release|Any CPU = Release|Any CPU
	EndGlobalSection
	GlobalSection(ProjectConfigurationPlatforms) = postSolution
		{5543E973-EA4C-4728-A171-6C77226B5FFC}.Debug|Any CPU.ActiveCfg = Debug|Any CPU
		{5543E973-EA4C-4728-A171-6C77226B5FFC}.Debug|Any CPU.Build.0 = Debug|Any CPU
		{5543E973-EA4C-4728-A171-6C77226B5FFC}.Release|Any CPU.ActiveCfg = Release|Any CPU
		{5543E973-EA4C-4728-A171-6C77226B5FFC}.Release|Any CPU.Build.0 = Release|Any CPU
		{5F35E50F-5D0D-4FDB-896A-366CEB96855F}.Debug|Any CPU.ActiveCfg = Debug|Any CPU
		{5F35E50F-5D0D-4FDB-896A-366CEB96855F}.Debug|Any CPU.Build.0 = Debug|Any CPU
		{5F35E50F-5D0D-4FDB-896A-366CEB96855F}.Release|Any CPU.ActiveCfg = Release|Any CPU
		{5F35E50F-5D0D-4FDB-896A-366CEB96855F}.Release|Any CPU.Build.0 = Release|Any CPU
		{E9D147DE-05C3-4347-BDCB-CB881E539054}.Debug|Any CPU.ActiveCfg = Debug|Any CPU
		{E9D147DE-05C3-4347-BDCB-CB881E539054}.Debug|Any CPU.Build.0 = Debug|Any CPU
		{E9D147DE-05C3-4347-BDCB-CB881E539054}.Release|Any CPU.ActiveCfg = Release|Any CPU
		{E9D147DE-05C3-4347-BDCB-CB881E539054}.Release|Any CPU.Build.0 = Release|Any CPU
		{41564CE6-2B2E-4A6A-BF97-1C7ABE3D2766}.Debug|Any CPU.ActiveCfg = Debug|Any CPU
		{41564CE6-2B2E-4A6A-BF97-1C7ABE3D2766}.Debug|Any CPU.Build.0 = Debug|Any CPU
		{41564CE6-2B2E-4A6A-BF97-1C7ABE3D2766}.Release|Any CPU.ActiveCfg = Release|Any CPU
		{41564CE6-2B2E-4A6A-BF97-1C7ABE3D2766}.Release|Any CPU.Build.0 = Release|Any CPU
	EndGlobalSection
	GlobalSection(SolutionProperties) = preSolution
		HideSolutionNode = FALSE
	EndGlobalSection
	GlobalSection(NestedProjects) = preSolution
		{41564CE6-2B2E-4A6A-BF97-1C7ABE3D2766} = {F5BAA680-361F-438F-8190-02AE3A6936FE}
	EndGlobalSection
	GlobalSection(ExtensibilityGlobals) = postSolution
		SolutionGuid = {4ECDB834-F464-4AAF-93BD-1BF84A6295D6}
	EndGlobalSection
EndGlobal
